
Microsoft Visual Studio Solution File, Format Version 12.00
# Visual Studio 15
VisualStudioVersion = 15.0.28307.902
MinimumVisualStudioVersion = 10.0.40219.1
Project("{8BC9CEB8-8B4A-11D0-8D11-00A0C91BC942}") = "10. Friend Class", "10. Friend Class\10. Friend Class.vcxproj", "{CB453DFB-27E2-4417-980F-AA2BE7098D7E}"
EndProject
Global
	GlobalSection(SolutionConfigurationPlatforms) = preSolution
		Debug|x64 = Debug|x64
		Debug|x86 = Debug|x86
		Release|x64 = Release|x64
		Release|x86 = Release|x86
	EndGlobalSection
	GlobalSection(ProjectConfigurationPlatforms) = postSolution
		{CB453DFB-27E2-4417-980F-AA2BE7098D7E}.Debug|x64.ActiveCfg = Debug|x64
		{CB453DFB-27E2-4417-980F-AA2BE7098D7E}.Debug|x64.Build.0 = Debug|x64
		{CB453DFB-27E2-4417-980F-AA2BE7098D7E}.Debug|x86.ActiveCfg = Debug|Win32
		{CB453DFB-27E2-4417-980F-AA2BE7098D7E}.Debug|x86.Build.0 = Debug|Win32
		{CB453DFB-27E2-4417-980F-AA2BE7098D7E}.Release|x64.ActiveCfg = Release|x64
		{CB453DFB-27E2-4417-980F-AA2BE7098D7E}.Release|x64.Build.0 = Release|x64
		{CB453DFB-27E2-4417-980F-AA2BE7098D7E}.Release|x86.ActiveCfg = Release|Win32
		{CB453DFB-27E2-4417-980F-AA2BE7098D7E}.Release|x86.Build.0 = Release|Win32
	EndGlobalSection
	GlobalSection(SolutionProperties) = preSolution
		HideSolutionNode = FALSE
	EndGlobalSection
	GlobalSection(ExtensibilityGlobals) = postSolution
		SolutionGuid = {7EC73B41-F8E6-4D28-A3D0-73B68B1F454B}
	EndGlobalSection
EndGlobal
