
Microsoft Visual Studio Solution File, Format Version 12.00
# Visual Studio 15
VisualStudioVersion = 15.0.28307.960
MinimumVisualStudioVersion = 10.0.40219.1
Project("{8BC9CEB8-8B4A-11D0-8D11-00A0C91BC942}") = "25. Smart pointer", "25. Smart pointer\25. Smart pointer.vcxproj", "{CE92E06F-99C6-4C68-A696-BA498D15019C}"
EndProject
Global
	GlobalSection(SolutionConfigurationPlatforms) = preSolution
		Debug|x64 = Debug|x64
		Debug|x86 = Debug|x86
		Release|x64 = Release|x64
		Release|x86 = Release|x86
	EndGlobalSection
	GlobalSection(ProjectConfigurationPlatforms) = postSolution
		{CE92E06F-99C6-4C68-A696-BA498D15019C}.Debug|x64.ActiveCfg = Debug|x64
		{CE92E06F-99C6-4C68-A696-BA498D15019C}.Debug|x64.Build.0 = Debug|x64
		{CE92E06F-99C6-4C68-A696-BA498D15019C}.Debug|x86.ActiveCfg = Debug|Win32
		{CE92E06F-99C6-4C68-A696-BA498D15019C}.Debug|x86.Build.0 = Debug|Win32
		{CE92E06F-99C6-4C68-A696-BA498D15019C}.Release|x64.ActiveCfg = Release|x64
		{CE92E06F-99C6-4C68-A696-BA498D15019C}.Release|x64.Build.0 = Release|x64
		{CE92E06F-99C6-4C68-A696-BA498D15019C}.Release|x86.ActiveCfg = Release|Win32
		{CE92E06F-99C6-4C68-A696-BA498D15019C}.Release|x86.Build.0 = Release|Win32
	EndGlobalSection
	GlobalSection(SolutionProperties) = preSolution
		HideSolutionNode = FALSE
	EndGlobalSection
	GlobalSection(ExtensibilityGlobals) = postSolution
		SolutionGuid = {79047D8B-66F3-4476-B87F-CFB07942E574}
	EndGlobalSection
EndGlobal
