
Microsoft Visual Studio Solution File, Format Version 12.00
# Visual Studio 15
VisualStudioVersion = 15.0.28307.902
MinimumVisualStudioVersion = 10.0.40219.1
Project("{8BC9CEB8-8B4A-11D0-8D11-00A0C91BC942}") = "12. Single  List", "12. Single  List\12. Single  List.vcxproj", "{3D9EC3C4-CC21-41C6-AFAF-3252DDFEB491}"
EndProject
Global
	GlobalSection(SolutionConfigurationPlatforms) = preSolution
		Debug|x64 = Debug|x64
		Debug|x86 = Debug|x86
		Release|x64 = Release|x64
		Release|x86 = Release|x86
	EndGlobalSection
	GlobalSection(ProjectConfigurationPlatforms) = postSolution
		{3D9EC3C4-CC21-41C6-AFAF-3252DDFEB491}.Debug|x64.ActiveCfg = Debug|x64
		{3D9EC3C4-CC21-41C6-AFAF-3252DDFEB491}.Debug|x64.Build.0 = Debug|x64
		{3D9EC3C4-CC21-41C6-AFAF-3252DDFEB491}.Debug|x86.ActiveCfg = Debug|Win32
		{3D9EC3C4-CC21-41C6-AFAF-3252DDFEB491}.Debug|x86.Build.0 = Debug|Win32
		{3D9EC3C4-CC21-41C6-AFAF-3252DDFEB491}.Release|x64.ActiveCfg = Release|x64
		{3D9EC3C4-CC21-41C6-AFAF-3252DDFEB491}.Release|x64.Build.0 = Release|x64
		{3D9EC3C4-CC21-41C6-AFAF-3252DDFEB491}.Release|x86.ActiveCfg = Release|Win32
		{3D9EC3C4-CC21-41C6-AFAF-3252DDFEB491}.Release|x86.Build.0 = Release|Win32
	EndGlobalSection
	GlobalSection(SolutionProperties) = preSolution
		HideSolutionNode = FALSE
	EndGlobalSection
	GlobalSection(ExtensibilityGlobals) = postSolution
		SolutionGuid = {62477F23-434D-45D9-BF21-752272CC5FFB}
	EndGlobalSection
EndGlobal
